
Microsoft Visual Studio Solution File, Format Version 12.00
# Visual Studio 15
VisualStudioVersion = 15.0.26430.13
MinimumVisualStudioVersion = 10.0.40219.1
Project("{FAE04EC0-301F-11D3-BF4B-00C04F79EFBC}") = "DebuggingLecture", "DebuggingLecture\DebuggingLecture.csproj", "{ECE2FA38-C4AC-4B36-A533-DA2AEB7B2AC8}"
EndProject
Global
	GlobalSection(SolutionConfigurationPlatforms) = preSolution
		Debug|Any CPU = Debug|Any CPU
		Release|Any CPU = Release|Any CPU
	EndGlobalSection
	GlobalSection(ProjectConfigurationPlatforms) = postSolution
		{ECE2FA38-C4AC-4B36-A533-DA2AEB7B2AC8}.Debug|Any CPU.ActiveCfg = Debug|Any CPU
		{ECE2FA38-C4AC-4B36-A533-DA2AEB7B2AC8}.Debug|Any CPU.Build.0 = Debug|Any CPU
		{ECE2FA38-C4AC-4B36-A533-DA2AEB7B2AC8}.Release|Any CPU.ActiveCfg = Release|Any CPU
		{ECE2FA38-C4AC-4B36-A533-DA2AEB7B2AC8}.Release|Any CPU.Build.0 = Release|Any CPU
	EndGlobalSection
	GlobalSection(SolutionProperties) = preSolution
		HideSolutionNode = FALSE
	EndGlobalSection
EndGlobal
