
Microsoft Visual Studio Solution File, Format Version 12.00
# Visual Studio 15
VisualStudioVersion = 15.0.26430.13
MinimumVisualStudioVersion = 10.0.40219.1
Project("{FAE04EC0-301F-11D3-BF4B-00C04F79EFBC}") = "IntroToOOPLecture", "IntroToOOPLecture\IntroToOOPLecture.csproj", "{46A133B1-19CB-42A0-8CE0-C5FDF1EFA254}"
EndProject
Global
	GlobalSection(SolutionConfigurationPlatforms) = preSolution
		Debug|Any CPU = Debug|Any CPU
		Release|Any CPU = Release|Any CPU
	EndGlobalSection
	GlobalSection(ProjectConfigurationPlatforms) = postSolution
		{46A133B1-19CB-42A0-8CE0-C5FDF1EFA254}.Debug|Any CPU.ActiveCfg = Debug|Any CPU
		{46A133B1-19CB-42A0-8CE0-C5FDF1EFA254}.Debug|Any CPU.Build.0 = Debug|Any CPU
		{46A133B1-19CB-42A0-8CE0-C5FDF1EFA254}.Release|Any CPU.ActiveCfg = Release|Any CPU
		{46A133B1-19CB-42A0-8CE0-C5FDF1EFA254}.Release|Any CPU.Build.0 = Release|Any CPU
	EndGlobalSection
	GlobalSection(SolutionProperties) = preSolution
		HideSolutionNode = FALSE
	EndGlobalSection
EndGlobal
