
Microsoft Visual Studio Solution File, Format Version 12.00
# Visual Studio 15
VisualStudioVersion = 15.0.26430.13
MinimumVisualStudioVersion = 10.0.40219.1
Project("{FAE04EC0-301F-11D3-BF4B-00C04F79EFBC}") = "GenericsLecture4", "GenericsLecture4\GenericsLecture4.csproj", "{7BFBA20F-8B86-4970-953F-0A24532F9A2E}"
EndProject
Global
	GlobalSection(SolutionConfigurationPlatforms) = preSolution
		Debug|Any CPU = Debug|Any CPU
		Release|Any CPU = Release|Any CPU
	EndGlobalSection
	GlobalSection(ProjectConfigurationPlatforms) = postSolution
		{7BFBA20F-8B86-4970-953F-0A24532F9A2E}.Debug|Any CPU.ActiveCfg = Debug|Any CPU
		{7BFBA20F-8B86-4970-953F-0A24532F9A2E}.Debug|Any CPU.Build.0 = Debug|Any CPU
		{7BFBA20F-8B86-4970-953F-0A24532F9A2E}.Release|Any CPU.ActiveCfg = Release|Any CPU
		{7BFBA20F-8B86-4970-953F-0A24532F9A2E}.Release|Any CPU.Build.0 = Release|Any CPU
	EndGlobalSection
	GlobalSection(SolutionProperties) = preSolution
		HideSolutionNode = FALSE
	EndGlobalSection
EndGlobal
